
Microsoft Visual Studio Solution File, Format Version 12.00
# Visual Studio Version 16
VisualStudioVersion = 16.0.30717.126
MinimumVisualStudioVersion = 10.0.40219.1
Project("{FAE04EC0-301F-11D3-BF4B-00C04F79EFBC}") = "WebApplication2", "WebApplication2\WebApplication2.csproj", "{EB05E5AB-B173-40B8-AAEA-14E0282072B0}"
EndProject
Global
	GlobalSection(SolutionConfigurationPlatforms) = preSolution
		Debug|Any CPU = Debug|Any CPU
		Release|Any CPU = Release|Any CPU
	EndGlobalSection
	GlobalSection(ProjectConfigurationPlatforms) = postSolution
		{EB05E5AB-B173-40B8-AAEA-14E0282072B0}.Debug|Any CPU.ActiveCfg = Debug|Any CPU
		{EB05E5AB-B173-40B8-AAEA-14E0282072B0}.Debug|Any CPU.Build.0 = Debug|Any CPU
		{EB05E5AB-B173-40B8-AAEA-14E0282072B0}.Release|Any CPU.ActiveCfg = Release|Any CPU
		{EB05E5AB-B173-40B8-AAEA-14E0282072B0}.Release|Any CPU.Build.0 = Release|Any CPU
	EndGlobalSection
	GlobalSection(SolutionProperties) = preSolution
		HideSolutionNode = FALSE
	EndGlobalSection
	GlobalSection(ExtensibilityGlobals) = postSolution
		SolutionGuid = {C6D79549-9F3D-4532-9823-50A6EB7D6840}
	EndGlobalSection
EndGlobal
